// !$*UTF8*$!
{
	archiveVersion = 1;
	classes = {
	};
	objectVersion = 46;
	objects = {

/* Begin PBXBuildFile section */
		3C0D465B1BB560D700F3AFFE /* camera.png in Resources */ = {isa = PBXBuildFile; fileRef = 3C0D46591BB560D700F3AFFE /* camera.png */; };
		3C0D465C1BB560D700F3AFFE /* cameraRoll.png in Resources */ = {isa = PBXBuildFile; fileRef = 3C0D465A1BB560D700F3AFFE /* cameraRoll.png */; };
		3C10504D1BC2663B005A5AB0 /* Keys.m in Sources */ = {isa = PBXBuildFile; fileRef = 3C10504C1BC2663B005A5AB0 /* Keys.m */; };
		3C2FB19C1BB3CBCE00F0367E /* set button.png in Resources */ = {isa = PBXBuildFile; fileRef = 3C2FB19B1BB3CBCE00F0367E /* set button.png */; };
		3C2FB19E1BB3CCE800F0367E /* today button.png in Resources */ = {isa = PBXBuildFile; fileRef = 3C2FB19D1BB3CCE800F0367E /* today button.png */; };
		3C2FB1A21BB3CF9F00F0367E /* ReportObject.m in Sources */ = {isa = PBXBuildFile; fileRef = 3C2FB1A11BB3CF9F00F0367E /* ReportObject.m */; };
		3C2FB1AE1BB41A1200F0367E /* PhotoCollectionViewCell.m in Sources */ = {isa = PBXBuildFile; fileRef = 3C2FB1AD1BB41A1200F0367E /* PhotoCollectionViewCell.m */; };
		3C2FB1B41BB4782000F0367E /* photo.png in Resources */ = {isa = PBXBuildFile; fileRef = 3C2FB1B31BB4782000F0367E /* photo.png */; };
		3C5C8AB51BB47C5D00ABCC2B /* PhotoPickerManager.m in Sources */ = {isa = PBXBuildFile; fileRef = 3C5C8AB41BB47C5D00ABCC2B /* PhotoPickerManager.m */; };
		3C8FE7591BB79BA1003CD158 /* submit.png in Resources */ = {isa = PBXBuildFile; fileRef = 3C8FE7581BB79BA1003CD158 /* submit.png */; };
		3C9515CD1BAFB5A500361E5F /* main.m in Sources */ = {isa = PBXBuildFile; fileRef = 3C9515CC1BAFB5A500361E5F /* main.m */; };
		3C9515D01BAFB5A500361E5F /* AppDelegate.m in Sources */ = {isa = PBXBuildFile; fileRef = 3C9515CF1BAFB5A500361E5F /* AppDelegate.m */; };
		3C9515D31BAFB5A500361E5F /* AddViewController.m in Sources */ = {isa = PBXBuildFile; fileRef = 3C9515D21BAFB5A500361E5F /* AddViewController.m */; };
		3C9515D61BAFB5A500361E5F /* Main.storyboard in Resources */ = {isa = PBXBuildFile; fileRef = 3C9515D41BAFB5A500361E5F /* Main.storyboard */; };
		3C9515D81BAFB5A500361E5F /* Images.xcassets in Resources */ = {isa = PBXBuildFile; fileRef = 3C9515D71BAFB5A500361E5F /* Images.xcassets */; };
		3C9515DB1BAFB5A500361E5F /* LaunchScreen.xib in Resources */ = {isa = PBXBuildFile; fileRef = 3C9515D91BAFB5A500361E5F /* LaunchScreen.xib */; };
		3C9515E71BAFB5A500361E5F /* C_SkinTests.m in Sources */ = {isa = PBXBuildFile; fileRef = 3C9515E61BAFB5A500361E5F /* C_SkinTests.m */; };
		3C9515F51BAFDDCD00361E5F /* doctor.png in Resources */ = {isa = PBXBuildFile; fileRef = 3C9515F01BAFDDCD00361E5F /* doctor.png */; };
		3C9515F61BAFDDCD00361E5F /* inbox.png in Resources */ = {isa = PBXBuildFile; fileRef = 3C9515F11BAFDDCD00361E5F /* inbox.png */; };
		3C9515F71BAFDDCD00361E5F /* logbook.png in Resources */ = {isa = PBXBuildFile; fileRef = 3C9515F21BAFDDCD00361E5F /* logbook.png */; };
		3C9515F81BAFDDCD00361E5F /* menubar.png in Resources */ = {isa = PBXBuildFile; fileRef = 3C9515F31BAFDDCD00361E5F /* menubar.png */; };
		3C9515F91BAFDDCD00361E5F /* settings.png in Resources */ = {isa = PBXBuildFile; fileRef = 3C9515F41BAFDDCD00361E5F /* settings.png */; };
		3C9515FB1BAFDF7000361E5F /* new.png in Resources */ = {isa = PBXBuildFile; fileRef = 3C9515FA1BAFDF7000361E5F /* new.png */; };
/* End PBXBuildFile section */

/* Begin PBXContainerItemProxy section */
		3C9515E11BAFB5A500361E5F /* PBXContainerItemProxy */ = {
			isa = PBXContainerItemProxy;
			containerPortal = 3C9515BF1BAFB5A400361E5F /* Project object */;
			proxyType = 1;
			remoteGlobalIDString = 3C9515C61BAFB5A500361E5F;
			remoteInfo = "C-Skin";
		};
/* End PBXContainerItemProxy section */

/* Begin PBXFileReference section */
		3C0D46591BB560D700F3AFFE /* camera.png */ = {isa = PBXFileReference; lastKnownFileType = image.png; path = camera.png; sourceTree = "<group>"; };
		3C0D465A1BB560D700F3AFFE /* cameraRoll.png */ = {isa = PBXFileReference; lastKnownFileType = image.png; path = cameraRoll.png; sourceTree = "<group>"; };
		3C10504B1BC258C5005A5AB0 /* Keys.h */ = {isa = PBXFileReference; lastKnownFileType = sourcecode.c.h; path = Keys.h; sourceTree = "<group>"; };
		3C10504C1BC2663B005A5AB0 /* Keys.m */ = {isa = PBXFileReference; fileEncoding = 4; lastKnownFileType = sourcecode.c.objc; path = Keys.m; sourceTree = "<group>"; };
		3C2FB19B1BB3CBCE00F0367E /* set button.png */ = {isa = PBXFileReference; lastKnownFileType = image.png; path = "set button.png"; sourceTree = "<group>"; };
		3C2FB19D1BB3CCE800F0367E /* today button.png */ = {isa = PBXFileReference; lastKnownFileType = image.png; path = "today button.png"; sourceTree = "<group>"; };
		3C2FB1A01BB3CF9F00F0367E /* ReportObject.h */ = {isa = PBXFileReference; fileEncoding = 4; lastKnownFileType = sourcecode.c.h; path = ReportObject.h; sourceTree = "<group>"; };
		3C2FB1A11BB3CF9F00F0367E /* ReportObject.m */ = {isa = PBXFileReference; fileEncoding = 4; lastKnownFileType = sourcecode.c.objc; path = ReportObject.m; sourceTree = "<group>"; };
		3C2FB1AC1BB41A1200F0367E /* PhotoCollectionViewCell.h */ = {isa = PBXFileReference; fileEncoding = 4; lastKnownFileType = sourcecode.c.h; path = PhotoCollectionViewCell.h; sourceTree = "<group>"; };
		3C2FB1AD1BB41A1200F0367E /* PhotoCollectionViewCell.m */ = {isa = PBXFileReference; fileEncoding = 4; lastKnownFileType = sourcecode.c.objc; path = PhotoCollectionViewCell.m; sourceTree = "<group>"; };
		3C2FB1B31BB4782000F0367E /* photo.png */ = {isa = PBXFileReference; lastKnownFileType = image.png; path = photo.png; sourceTree = "<group>"; };
		3C5C8AB31BB47C5D00ABCC2B /* PhotoPickerManager.h */ = {isa = PBXFileReference; fileEncoding = 4; lastKnownFileType = sourcecode.c.h; path = PhotoPickerManager.h; sourceTree = "<group>"; };
		3C5C8AB41BB47C5D00ABCC2B /* PhotoPickerManager.m */ = {isa = PBXFileReference; fileEncoding = 4; lastKnownFileType = sourcecode.c.objc; path = PhotoPickerManager.m; sourceTree = "<group>"; };
		3C8FE7581BB79BA1003CD158 /* submit.png */ = {isa = PBXFileReference; lastKnownFileType = image.png; path = submit.png; sourceTree = "<group>"; };
		3C9515C71BAFB5A500361E5F /* C-Skin.app */ = {isa = PBXFileReference; explicitFileType = wrapper.application; includeInIndex = 0; path = "C-Skin.app"; sourceTree = BUILT_PRODUCTS_DIR; };
		3C9515CB1BAFB5A500361E5F /* Info.plist */ = {isa = PBXFileReference; lastKnownFileType = text.plist.xml; path = Info.plist; sourceTree = "<group>"; };
		3C9515CC1BAFB5A500361E5F /* main.m */ = {isa = PBXFileReference; lastKnownFileType = sourcecode.c.objc; path = main.m; sourceTree = "<group>"; };
		3C9515CE1BAFB5A500361E5F /* AppDelegate.h */ = {isa = PBXFileReference; lastKnownFileType = sourcecode.c.h; path = AppDelegate.h; sourceTree = "<group>"; };
		3C9515CF1BAFB5A500361E5F /* AppDelegate.m */ = {isa = PBXFileReference; lastKnownFileType = sourcecode.c.objc; path = AppDelegate.m; sourceTree = "<group>"; };
		3C9515D11BAFB5A500361E5F /* AddViewController.h */ = {isa = PBXFileReference; lastKnownFileType = sourcecode.c.h; path = AddViewController.h; sourceTree = "<group>"; };
		3C9515D21BAFB5A500361E5F /* AddViewController.m */ = {isa = PBXFileReference; lastKnownFileType = sourcecode.c.objc; path = AddViewController.m; sourceTree = "<group>"; };
		3C9515D51BAFB5A500361E5F /* Base */ = {isa = PBXFileReference; lastKnownFileType = file.storyboard; name = Base; path = Base.lproj/Main.storyboard; sourceTree = "<group>"; };
		3C9515D71BAFB5A500361E5F /* Images.xcassets */ = {isa = PBXFileReference; lastKnownFileType = folder.assetcatalog; path = Images.xcassets; sourceTree = "<group>"; };
		3C9515DA1BAFB5A500361E5F /* Base */ = {isa = PBXFileReference; lastKnownFileType = file.xib; name = Base; path = Base.lproj/LaunchScreen.xib; sourceTree = "<group>"; };
		3C9515E01BAFB5A500361E5F /* C-SkinTests.xctest */ = {isa = PBXFileReference; explicitFileType = wrapper.cfbundle; includeInIndex = 0; path = "C-SkinTests.xctest"; sourceTree = BUILT_PRODUCTS_DIR; };
		3C9515E51BAFB5A500361E5F /* Info.plist */ = {isa = PBXFileReference; lastKnownFileType = text.plist.xml; path = Info.plist; sourceTree = "<group>"; };
		3C9515E61BAFB5A500361E5F /* C_SkinTests.m */ = {isa = PBXFileReference; lastKnownFileType = sourcecode.c.objc; path = C_SkinTests.m; sourceTree = "<group>"; };
		3C9515F01BAFDDCD00361E5F /* doctor.png */ = {isa = PBXFileReference; lastKnownFileType = image.png; path = doctor.png; sourceTree = "<group>"; };
		3C9515F11BAFDDCD00361E5F /* inbox.png */ = {isa = PBXFileReference; lastKnownFileType = image.png; path = inbox.png; sourceTree = "<group>"; };
		3C9515F21BAFDDCD00361E5F /* logbook.png */ = {isa = PBXFileReference; lastKnownFileType = image.png; path = logbook.png; sourceTree = "<group>"; };
		3C9515F31BAFDDCD00361E5F /* menubar.png */ = {isa = PBXFileReference; lastKnownFileType = image.png; path = menubar.png; sourceTree = "<group>"; };
		3C9515F41BAFDDCD00361E5F /* settings.png */ = {isa = PBXFileReference; lastKnownFileType = image.png; path = settings.png; sourceTree = "<group>"; };
		3C9515FA1BAFDF7000361E5F /* new.png */ = {isa = PBXFileReference; lastKnownFileType = image.png; path = new.png; sourceTree = "<group>"; };
		3CDD2A601BC2520500240EE1 /* Prefix.pch */ = {isa = PBXFileReference; lastKnownFileType = sourcecode.c.h; path = Prefix.pch; sourceTree = "<group>"; };
/* End PBXFileReference section */

/* Begin PBXFrameworksBuildPhase section */
		3C9515C41BAFB5A500361E5F /* Frameworks */ = {
			isa = PBXFrameworksBuildPhase;
			buildActionMask = 2147483647;
			files = (
			);
			runOnlyForDeploymentPostprocessing = 0;
		};
		3C9515DD1BAFB5A500361E5F /* Frameworks */ = {
			isa = PBXFrameworksBuildPhase;
			buildActionMask = 2147483647;
			files = (
			);
			runOnlyForDeploymentPostprocessing = 0;
		};
/* End PBXFrameworksBuildPhase section */

/* Begin PBXGroup section */
		3C9515BE1BAFB5A400361E5F = {
			isa = PBXGroup;
			children = (
				3C9515C91BAFB5A500361E5F /* C-Skin */,
				3C9515E31BAFB5A500361E5F /* C-SkinTests */,
				3C9515C81BAFB5A500361E5F /* Products */,
			);
			sourceTree = "<group>";
		};
		3C9515C81BAFB5A500361E5F /* Products */ = {
			isa = PBXGroup;
			children = (
				3C9515C71BAFB5A500361E5F /* C-Skin.app */,
				3C9515E01BAFB5A500361E5F /* C-SkinTests.xctest */,
			);
			name = Products;
			sourceTree = "<group>";
		};
		3C9515C91BAFB5A500361E5F /* C-Skin */ = {
			isa = PBXGroup;
			children = (
				3C9515D11BAFB5A500361E5F /* AddViewController.h */,
				3C9515D21BAFB5A500361E5F /* AddViewController.m */,
				3C9515CE1BAFB5A500361E5F /* AppDelegate.h */,
				3C9515CF1BAFB5A500361E5F /* AppDelegate.m */,
				3C10504B1BC258C5005A5AB0 /* Keys.h */,
				3C10504C1BC2663B005A5AB0 /* Keys.m */,
				3C2FB1AC1BB41A1200F0367E /* PhotoCollectionViewCell.h */,
				3C2FB1AD1BB41A1200F0367E /* PhotoCollectionViewCell.m */,
				3C5C8AB31BB47C5D00ABCC2B /* PhotoPickerManager.h */,
				3C5C8AB41BB47C5D00ABCC2B /* PhotoPickerManager.m */,
				3C2FB1A01BB3CF9F00F0367E /* ReportObject.h */,
				3C2FB1A11BB3CF9F00F0367E /* ReportObject.m */,
				3C9515D41BAFB5A500361E5F /* Main.storyboard */,
				3C9515D71BAFB5A500361E5F /* Images.xcassets */,
				3C9515D91BAFB5A500361E5F /* LaunchScreen.xib */,
				3C9515CA1BAFB5A500361E5F /* Supporting Files */,
			);
			path = "C-Skin";
			sourceTree = "<group>";
		};
		3C9515CA1BAFB5A500361E5F /* Supporting Files */ = {
			isa = PBXGroup;
			children = (
				3C9515F01BAFDDCD00361E5F /* doctor.png */,
				3C2FB19B1BB3CBCE00F0367E /* set button.png */,
				3C2FB1B31BB4782000F0367E /* photo.png */,
				3C0D46591BB560D700F3AFFE /* camera.png */,
				3C0D465A1BB560D700F3AFFE /* cameraRoll.png */,
				3C2FB19D1BB3CCE800F0367E /* today button.png */,
				3C9515FA1BAFDF7000361E5F /* new.png */,
				3C9515F11BAFDDCD00361E5F /* inbox.png */,
				3C9515F21BAFDDCD00361E5F /* logbook.png */,
				3C9515F31BAFDDCD00361E5F /* menubar.png */,
				3C8FE7581BB79BA1003CD158 /* submit.png */,
				3C9515F41BAFDDCD00361E5F /* settings.png */,
				3C9515CB1BAFB5A500361E5F /* Info.plist */,
				3C9515CC1BAFB5A500361E5F /* main.m */,
				3CDD2A601BC2520500240EE1 /* Prefix.pch */,
			);
			name = "Supporting Files";
			sourceTree = "<group>";
		};
		3C9515E31BAFB5A500361E5F /* C-SkinTests */ = {
			isa = PBXGroup;
			children = (
				3C9515E61BAFB5A500361E5F /* C_SkinTests.m */,
				3C9515E41BAFB5A500361E5F /* Supporting Files */,
			);
			path = "C-SkinTests";
			sourceTree = "<group>";
		};
		3C9515E41BAFB5A500361E5F /* Supporting Files */ = {
			isa = PBXGroup;
			children = (
				3C9515E51BAFB5A500361E5F /* Info.plist */,
			);
			name = "Supporting Files";
			sourceTree = "<group>";
		};
/* End PBXGroup section */

/* Begin PBXNativeTarget section */
		3C9515C61BAFB5A500361E5F /* C-Skin */ = {
			isa = PBXNativeTarget;
			buildConfigurationList = 3C9515EA1BAFB5A500361E5F /* Build configuration list for PBXNativeTarget "C-Skin" */;
			buildPhases = (
				3C9515C31BAFB5A500361E5F /* Sources */,
				3C9515C41BAFB5A500361E5F /* Frameworks */,
				3C9515C51BAFB5A500361E5F /* Resources */,
			);
			buildRules = (
			);
			dependencies = (
			);
			name = "C-Skin";
			productName = "C-Skin";
			productReference = 3C9515C71BAFB5A500361E5F /* C-Skin.app */;
			productType = "com.apple.product-type.application";
		};
		3C9515DF1BAFB5A500361E5F /* C-SkinTests */ = {
			isa = PBXNativeTarget;
			buildConfigurationList = 3C9515ED1BAFB5A500361E5F /* Build configuration list for PBXNativeTarget "C-SkinTests" */;
			buildPhases = (
				3C9515DC1BAFB5A500361E5F /* Sources */,
				3C9515DD1BAFB5A500361E5F /* Frameworks */,
				3C9515DE1BAFB5A500361E5F /* Resources */,
			);
			buildRules = (
			);
			dependencies = (
				3C9515E21BAFB5A500361E5F /* PBXTargetDependency */,
			);
			name = "C-SkinTests";
			productName = "C-SkinTests";
			productReference = 3C9515E01BAFB5A500361E5F /* C-SkinTests.xctest */;
			productType = "com.apple.product-type.bundle.unit-test";
		};
/* End PBXNativeTarget section */

/* Begin PBXProject section */
		3C9515BF1BAFB5A400361E5F /* Project object */ = {
			isa = PBXProject;
			attributes = {
				LastUpgradeCheck = 0640;
				ORGANIZATIONNAME = "Ian Chen";
				TargetAttributes = {
					3C9515C61BAFB5A500361E5F = {
						CreatedOnToolsVersion = 6.4;
						DevelopmentTeam = W7BDRVLLQN;
					};
					3C9515DF1BAFB5A500361E5F = {
						CreatedOnToolsVersion = 6.4;
						TestTargetID = 3C9515C61BAFB5A500361E5F;
					};
				};
			};
			buildConfigurationList = 3C9515C21BAFB5A400361E5F /* Build configuration list for PBXProject "C-Skin" */;
			compatibilityVersion = "Xcode 3.2";
			developmentRegion = English;
			hasScannedForEncodings = 0;
			knownRegions = (
				en,
				Base,
			);
			mainGroup = 3C9515BE1BAFB5A400361E5F;
			productRefGroup = 3C9515C81BAFB5A500361E5F /* Products */;
			projectDirPath = "";
			projectRoot = "";
			targets = (
				3C9515C61BAFB5A500361E5F /* C-Skin */,
				3C9515DF1BAFB5A500361E5F /* C-SkinTests */,
			);
		};
/* End PBXProject section */

/* Begin PBXResourcesBuildPhase section */
		3C9515C51BAFB5A500361E5F /* Resources */ = {
			isa = PBXResourcesBuildPhase;
			buildActionMask = 2147483647;
			files = (
				3C9515F91BAFDDCD00361E5F /* settings.png in Resources */,
				3C2FB19E1BB3CCE800F0367E /* today button.png in Resources */,
				3C2FB1B41BB4782000F0367E /* photo.png in Resources */,
				3C8FE7591BB79BA1003CD158 /* submit.png in Resources */,
				3C2FB19C1BB3CBCE00F0367E /* set button.png in Resources */,
				3C9515F51BAFDDCD00361E5F /* doctor.png in Resources */,
				3C0D465C1BB560D700F3AFFE /* cameraRoll.png in Resources */,
				3C9515F61BAFDDCD00361E5F /* inbox.png in Resources */,
				3C0D465B1BB560D700F3AFFE /* camera.png in Resources */,
				3C9515FB1BAFDF7000361E5F /* new.png in Resources */,
				3C9515F81BAFDDCD00361E5F /* menubar.png in Resources */,
				3C9515D61BAFB5A500361E5F /* Main.storyboard in Resources */,
				3C9515DB1BAFB5A500361E5F /* LaunchScreen.xib in Resources */,
				3C9515D81BAFB5A500361E5F /* Images.xcassets in Resources */,
				3C9515F71BAFDDCD00361E5F /* logbook.png in Resources */,
			);
			runOnlyForDeploymentPostprocessing = 0;
		};
		3C9515DE1BAFB5A500361E5F /* Resources */ = {
			isa = PBXResourcesBuildPhase;
			buildActionMask = 2147483647;
			files = (
			);
			runOnlyForDeploymentPostprocessing = 0;
		};
/* End PBXResourcesBuildPhase section */

/* Begin PBXSourcesBuildPhase section */
		3C9515C31BAFB5A500361E5F /* Sources */ = {
			isa = PBXSourcesBuildPhase;
			buildActionMask = 2147483647;
			files = (
				3C10504D1BC2663B005A5AB0 /* Keys.m in Sources */,
				3C2FB1A21BB3CF9F00F0367E /* ReportObject.m in Sources */,
				3C5C8AB51BB47C5D00ABCC2B /* PhotoPickerManager.m in Sources */,
				3C9515D31BAFB5A500361E5F /* AddViewController.m in Sources */,
				3C9515D01BAFB5A500361E5F /* AppDelegate.m in Sources */,
				3C2FB1AE1BB41A1200F0367E /* PhotoCollectionViewCell.m in Sources */,
				3C9515CD1BAFB5A500361E5F /* main.m in Sources */,
			);
			runOnlyForDeploymentPostprocessing = 0;
		};
		3C9515DC1BAFB5A500361E5F /* Sources */ = {
			isa = PBXSourcesBuildPhase;
			buildActionMask = 2147483647;
			files = (
				3C9515E71BAFB5A500361E5F /* C_SkinTests.m in Sources */,
			);
			runOnlyForDeploymentPostprocessing = 0;
		};
/* End PBXSourcesBuildPhase section */

/* Begin PBXTargetDependency section */
		3C9515E21BAFB5A500361E5F /* PBXTargetDependency */ = {
			isa = PBXTargetDependency;
			target = 3C9515C61BAFB5A500361E5F /* C-Skin */;
			targetProxy = 3C9515E11BAFB5A500361E5F /* PBXContainerItemProxy */;
		};
/* End PBXTargetDependency section */

/* Begin PBXVariantGroup section */
		3C9515D41BAFB5A500361E5F /* Main.storyboard */ = {
			isa = PBXVariantGroup;
			children = (
				3C9515D51BAFB5A500361E5F /* Base */,
			);
			name = Main.storyboard;
			sourceTree = "<group>";
		};
		3C9515D91BAFB5A500361E5F /* LaunchScreen.xib */ = {
			isa = PBXVariantGroup;
			children = (
				3C9515DA1BAFB5A500361E5F /* Base */,
			);
			name = LaunchScreen.xib;
			sourceTree = "<group>";
		};
/* End PBXVariantGroup section */

/* Begin XCBuildConfiguration section */
		3C9515E81BAFB5A500361E5F /* Debug */ = {
			isa = XCBuildConfiguration;
			buildSettings = {
				ALWAYS_SEARCH_USER_PATHS = NO;
				CLANG_CXX_LANGUAGE_STANDARD = "gnu++0x";
				CLANG_CXX_LIBRARY = "libc++";
				CLANG_ENABLE_MODULES = YES;
				CLANG_ENABLE_OBJC_ARC = YES;
				CLANG_WARN_BOOL_CONVERSION = YES;
				CLANG_WARN_CONSTANT_CONVERSION = YES;
				CLANG_WARN_DIRECT_OBJC_ISA_USAGE = YES_ERROR;
				CLANG_WARN_EMPTY_BODY = YES;
				CLANG_WARN_ENUM_CONVERSION = YES;
				CLANG_WARN_INT_CONVERSION = YES;
				CLANG_WARN_OBJC_ROOT_CLASS = YES_ERROR;
				CLANG_WARN_UNREACHABLE_CODE = YES;
				CLANG_WARN__DUPLICATE_METHOD_MATCH = YES;
				"CODE_SIGN_IDENTITY[sdk=iphoneos*]" = "iPhone Developer";
				COPY_PHASE_STRIP = NO;
				DEBUG_INFORMATION_FORMAT = "dwarf-with-dsym";
				ENABLE_STRICT_OBJC_MSGSEND = YES;
				GCC_C_LANGUAGE_STANDARD = gnu99;
				GCC_DYNAMIC_NO_PIC = NO;
				GCC_NO_COMMON_BLOCKS = YES;
				GCC_OPTIMIZATION_LEVEL = 0;
				GCC_PRECOMPILE_PREFIX_HEADER = YES;
				GCC_PREFIX_HEADER = "$(SRCROOT)/C-Skin/Prefix.pch";
				GCC_PREPROCESSOR_DEFINITIONS = (
					"DEBUG=1",
					"$(inherited)",
				);
				GCC_SYMBOLS_PRIVATE_EXTERN = NO;
				GCC_WARN_64_TO_32_BIT_CONVERSION = YES;
				GCC_WARN_ABOUT_RETURN_TYPE = YES_ERROR;
				GCC_WARN_UNDECLARED_SELECTOR = YES;
				GCC_WARN_UNINITIALIZED_AUTOS = YES_AGGRESSIVE;
				GCC_WARN_UNUSED_FUNCTION = YES;
				GCC_WARN_UNUSED_VARIABLE = YES;
				IPHONEOS_DEPLOYMENT_TARGET = 8.4;
				MTL_ENABLE_DEBUG_INFO = YES;
				ONLY_ACTIVE_ARCH = YES;
				SDKROOT = iphoneos;
				TARGETED_DEVICE_FAMILY = "1,2";
			};
			name = Debug;
		};
		3C9515E91BAFB5A500361E5F /* Release */ = {
			isa = XCBuildConfiguration;
			buildSettings = {
				ALWAYS_SEARCH_USER_PATHS = NO;
				CLANG_CXX_LANGUAGE_STANDARD = "gnu++0x";
				CLANG_CXX_LIBRARY = "libc++";
				CLANG_ENABLE_MODULES = YES;
				CLANG_ENABLE_OBJC_ARC = YES;
				CLANG_WARN_BOOL_CONVERSION = YES;
				CLANG_WARN_CONSTANT_CONVERSION = YES;
				CLANG_WARN_DIRECT_OBJC_ISA_USAGE = YES_ERROR;
				CLANG_WARN_EMPTY_BODY = YES;
				CLANG_WARN_ENUM_CONVERSION = YES;
				CLANG_WARN_INT_CONVERSION = YES;
				CLANG_WARN_OBJC_ROOT_CLASS = YES_ERROR;
				CLANG_WARN_UNREACHABLE_CODE = YES;
				CLANG_WARN__DUPLICATE_METHOD_MATCH = YES;
				"CODE_SIGN_IDENTITY[sdk=iphoneos*]" = "iPhone Developer";
				COPY_PHASE_STRIP = NO;
				DEBUG_INFORMATION_FORMAT = "dwarf-with-dsym";
				ENABLE_NS_ASSERTIONS = NO;
				ENABLE_STRICT_OBJC_MSGSEND = YES;
				GCC_C_LANGUAGE_STANDARD = gnu99;
				GCC_NO_COMMON_BLOCKS = YES;
				GCC_PRECOMPILE_PREFIX_HEADER = YES;
				GCC_PREFIX_HEADER = "$(SRCROOT)/C-Skin/Prefix.pch";
				GCC_WARN_64_TO_32_BIT_CONVERSION = YES;
				GCC_WARN_ABOUT_RETURN_TYPE = YES_ERROR;
				GCC_WARN_UNDECLARED_SELECTOR = YES;
				GCC_WARN_UNINITIALIZED_AUTOS = YES_AGGRESSIVE;
				GCC_WARN_UNUSED_FUNCTION = YES;
				GCC_WARN_UNUSED_VARIABLE = YES;
				IPHONEOS_DEPLOYMENT_TARGET = 8.4;
				MTL_ENABLE_DEBUG_INFO = NO;
				SDKROOT = iphoneos;
				TARGETED_DEVICE_FAMILY = "1,2";
				VALIDATE_PRODUCT = YES;
			};
			name = Release;
		};
		3C9515EB1BAFB5A500361E5F /* Debug */ = {
			isa = XCBuildConfiguration;
			buildSettings = {
				ASSETCATALOG_COMPILER_APPICON_NAME = AppIcon;
				CODE_SIGN_IDENTITY = "iPhone Developer";
				"CODE_SIGN_IDENTITY[sdk=iphoneos*]" = "iPhone Developer";
				GCC_PRECOMPILE_PREFIX_HEADER = YES;
				GCC_PREFIX_HEADER = "$(SRCROOT)/C-Skin/Prefix.pch";
				INFOPLIST_FILE = "C-Skin/Info.plist";
				IPHONEOS_DEPLOYMENT_TARGET = 8.0;
				LD_RUNPATH_SEARCH_PATHS = "$(inherited) @executable_path/Frameworks";
				PRODUCT_NAME = "$(TARGET_NAME)";
				PROVISIONING_PROFILE = "";
				TARGETED_DEVICE_FAMILY = 1;
			};
			name = Debug;
		};
		3C9515EC1BAFB5A500361E5F /* Release */ = {
			isa = XCBuildConfiguration;
			buildSettings = {
				ASSETCATALOG_COMPILER_APPICON_NAME = AppIcon;
				CODE_SIGN_IDENTITY = "iPhone Developer";
				"CODE_SIGN_IDENTITY[sdk=iphoneos*]" = "iPhone Developer";
				GCC_PRECOMPILE_PREFIX_HEADER = YES;
				GCC_PREFIX_HEADER = "$(SRCROOT)/C-Skin/Prefix.pch";
				INFOPLIST_FILE = "C-Skin/Info.plist";
				IPHONEOS_DEPLOYMENT_TARGET = 8.0;
				LD_RUNPATH_SEARCH_PATHS = "$(inherited) @executable_path/Frameworks";
				PRODUCT_NAME = "$(TARGET_NAME)";
				PROVISIONING_PROFILE = "";
				TARGETED_DEVICE_FAMILY = 1;
			};
			name = Release;
		};
		3C9515EE1BAFB5A500361E5F /* Debug */ = {
			isa = XCBuildConfiguration;
			buildSettings = {
				BUNDLE_LOADER = "$(TEST_HOST)";
				FRAMEWORK_SEARCH_PATHS = (
					"$(SDKROOT)/Developer/Library/Frameworks",
					"$(inherited)",
				);
				GCC_PREPROCESSOR_DEFINITIONS = (
					"DEBUG=1",
					"$(inherited)",
				);
				INFOPLIST_FILE = "C-SkinTests/Info.plist";
				LD_RUNPATH_SEARCH_PATHS = "$(inherited) @executable_path/Frameworks @loader_path/Frameworks";
				PRODUCT_NAME = "$(TARGET_NAME)";
				TEST_HOST = "$(BUILT_PRODUCTS_DIR)/C-Skin.app/C-Skin";
			};
			name = Debug;
		};
		3C9515EF1BAFB5A500361E5F /* Release */ = {
			isa = XCBuildConfiguration;
			buildSettings = {
				BUNDLE_LOADER = "$(TEST_HOST)";
				FRAMEWORK_SEARCH_PATHS = (
					"$(SDKROOT)/Developer/Library/Frameworks",
					"$(inherited)",
				);
				INFOPLIST_FILE = "C-SkinTests/Info.plist";
				LD_RUNPATH_SEARCH_PATHS = "$(inherited) @executable_path/Frameworks @loader_path/Frameworks";
				PRODUCT_NAME = "$(TARGET_NAME)";
				TEST_HOST = "$(BUILT_PRODUCTS_DIR)/C-Skin.app/C-Skin";
			};
			name = Release;
		};
/* End XCBuildConfiguration section */

/* Begin XCConfigurationList section */
		3C9515C21BAFB5A400361E5F /* Build configuration list for PBXProject "C-Skin" */ = {
			isa = XCConfigurationList;
			buildConfigurations = (
				3C9515E81BAFB5A500361E5F /* Debug */,
				3C9515E91BAFB5A500361E5F /* Release */,
			);
			defaultConfigurationIsVisible = 0;
			defaultConfigurationName = Release;
		};
		3C9515EA1BAFB5A500361E5F /* Build configuration list for PBXNativeTarget "C-Skin" */ = {
			isa = XCConfigurationList;
			buildConfigurations = (
				3C9515EB1BAFB5A500361E5F /* Debug */,
				3C9515EC1BAFB5A500361E5F /* Release */,
			);
			defaultConfigurationIsVisible = 0;
			defaultConfigurationName = Release;
		};
		3C9515ED1BAFB5A500361E5F /* Build configuration list for PBXNativeTarget "C-SkinTests" */ = {
			isa = XCConfigurationList;
			buildConfigurations = (
				3C9515EE1BAFB5A500361E5F /* Debug */,
				3C9515EF1BAFB5A500361E5F /* Release */,
			);
			defaultConfigurationIsVisible = 0;
			defaultConfigurationName = Release;
		};
/* End XCConfigurationList section */
	};
	rootObject = 3C9515BF1BAFB5A400361E5F /* Project object */;
}
